// !$*UTF8*$!
{
	archiveVersion = 1;
	classes = {
	};
	objectVersion = 77;
	objects = {

/* Begin PBXContainerItemProxy section */
		61A3A6C02E186EFA00BFA93D /* PBXContainerItemProxy */ = {
			isa = PBXContainerItemProxy;
			containerPortal = 61A3A6A72E186EF900BFA93D /* Project object */;
			proxyType = 1;
			remoteGlobalIDString = 61A3A6AE2E186EF900BFA93D;
			remoteInfo = "Run Time";
		};
		61A3A6CA2E186EFA00BFA93D /* PBXContainerItemProxy */ = {
			isa = PBXContainerItemProxy;
			containerPortal = 61A3A6A72E186EF900BFA93D /* Project object */;
			proxyType = 1;
			remoteGlobalIDString = 61A3A6AE2E186EF900BFA93D;
			remoteInfo = "Run Time";
		};
/* End PBXContainerItemProxy section */

/* Begin PBXFileReference section */
		61A3A6AF2E186EF900BFA93D /* Run Time.app */ = {isa = PBXFileReference; explicitFileType = wrapper.application; includeInIndex = 0; path = "Run Time.app"; sourceTree = BUILT_PRODUCTS_DIR; };
		61A3A6BF2E186EFA00BFA93D /* Run TimeTests.xctest */ = {isa = PBXFileReference; explicitFileType = wrapper.cfbundle; includeInIndex = 0; path = "Run TimeTests.xctest"; sourceTree = BUILT_PRODUCTS_DIR; };
		61A3A6C92E186EFA00BFA93D /* Run TimeUITests.xctest */ = {isa = PBXFileReference; explicitFileType = wrapper.cfbundle; includeInIndex = 0; path = "Run TimeUITests.xctest"; sourceTree = BUILT_PRODUCTS_DIR; };
/* End PBXFileReference section */

/* Begin PBXFileSystemSynchronizedRootGroup section */
		61A3A6B12E186EF900BFA93D /* Run Time */ = {
			isa = PBXFileSystemSynchronizedRootGroup;
			path = "Run Time";
			sourceTree = "<group>";
		};
		61A3A6C22E186EFA00BFA93D /* Run TimeTests */ = {
			isa = PBXFileSystemSynchronizedRootGroup;
			path = "Run TimeTests";
			sourceTree = "<group>";
		};
		61A3A6CC2E186EFA00BFA93D /* Run TimeUITests */ = {
			isa = PBXFileSystemSynchronizedRootGroup;
			path = "Run TimeUITests";
			sourceTree = "<group>";
		};
/* End PBXFileSystemSynchronizedRootGroup section */

/* Begin PBXFrameworksBuildPhase section */
		61A3A6AC2E186EF900BFA93D /* Frameworks */ = {
			isa = PBXFrameworksBuildPhase;
			buildActionMask = 2147483647;
			files = (
			);
			runOnlyForDeploymentPostprocessing = 0;
		};
		61A3A6BC2E186EFA00BFA93D /* Frameworks */ = {
			isa = PBXFrameworksBuildPhase;
			buildActionMask = 2147483647;
			files = (
			);
			runOnlyForDeploymentPostprocessing = 0;
		};
		61A3A6C62E186EFA00BFA93D /* Frameworks */ = {
			isa = PBXFrameworksBuildPhase;
			buildActionMask = 2147483647;
			files = (
			);
			runOnlyForDeploymentPostprocessing = 0;
		};
/* End PBXFrameworksBuildPhase section */

/* Begin PBXGroup section */
		61A3A6A62E186EF900BFA93D = {
			isa = PBXGroup;
			children = (
				61A3A6B12E186EF900BFA93D /* Run Time */,
				61A3A6C22E186EFA00BFA93D /* Run TimeTests */,
				61A3A6CC2E186EFA00BFA93D /* Run TimeUITests */,
				61A3A6B02E186EF900BFA93D /* Products */,
			);
			sourceTree = "<group>";
		};
		61A3A6B02E186EF900BFA93D /* Products */ = {
			isa = PBXGroup;
			children = (
				61A3A6AF2E186EF900BFA93D /* Run Time.app */,
				61A3A6BF2E186EFA00BFA93D /* Run TimeTests.xctest */,
				61A3A6C92E186EFA00BFA93D /* Run TimeUITests.xctest */,
			);
			name = Products;
			sourceTree = "<group>";
		};
/* End PBXGroup section */

/* Begin PBXNativeTarget section */
		61A3A6AE2E186EF900BFA93D /* Run Time */ = {
			isa = PBXNativeTarget;
			buildConfigurationList = 61A3A6D32E186EFA00BFA93D /* Build configuration list for PBXNativeTarget "Run Time" */;
			buildPhases = (
				61A3A6AB2E186EF900BFA93D /* Sources */,
				61A3A6AC2E186EF900BFA93D /* Frameworks */,
				61A3A6AD2E186EF900BFA93D /* Resources */,
			);
			buildRules = (
			);
			dependencies = (
			);
			fileSystemSynchronizedGroups = (
				61A3A6B12E186EF900BFA93D /* Run Time */,
			);
			name = "Run Time";
			packageProductDependencies = (
			);
			productName = "Run Time";
			productReference = 61A3A6AF2E186EF900BFA93D /* Run Time.app */;
			productType = "com.apple.product-type.application";
		};
		61A3A6BE2E186EFA00BFA93D /* Run TimeTests */ = {
			isa = PBXNativeTarget;
			buildConfigurationList = 61A3A6D62E186EFA00BFA93D /* Build configuration list for PBXNativeTarget "Run TimeTests" */;
			buildPhases = (
				61A3A6BB2E186EFA00BFA93D /* Sources */,
				61A3A6BC2E186EFA00BFA93D /* Frameworks */,
				61A3A6BD2E186EFA00BFA93D /* Resources */,
			);
			buildRules = (
			);
			dependencies = (
				61A3A6C12E186EFA00BFA93D /* PBXTargetDependency */,
			);
			fileSystemSynchronizedGroups = (
				61A3A6C22E186EFA00BFA93D /* Run TimeTests */,
			);
			name = "Run TimeTests";
			packageProductDependencies = (
			);
			productName = "Run TimeTests";
			productReference = 61A3A6BF2E186EFA00BFA93D /* Run TimeTests.xctest */;
			productType = "com.apple.product-type.bundle.unit-test";
		};
		61A3A6C82E186EFA00BFA93D /* Run TimeUITests */ = {
			isa = PBXNativeTarget;
			buildConfigurationList = 61A3A6D92E186EFA00BFA93D /* Build configuration list for PBXNativeTarget "Run TimeUITests" */;
			buildPhases = (
				61A3A6C52E186EFA00BFA93D /* Sources */,
				61A3A6C62E186EFA00BFA93D /* Frameworks */,
				61A3A6C72E186EFA00BFA93D /* Resources */,
			);
			buildRules = (
			);
			dependencies = (
				61A3A6CB2E186EFA00BFA93D /* PBXTargetDependency */,
			);
			fileSystemSynchronizedGroups = (
				61A3A6CC2E186EFA00BFA93D /* Run TimeUITests */,
			);
			name = "Run TimeUITests";
			packageProductDependencies = (
			);
			productName = "Run TimeUITests";
			productReference = 61A3A6C92E186EFA00BFA93D /* Run TimeUITests.xctest */;
			productType = "com.apple.product-type.bundle.ui-testing";
		};
/* End PBXNativeTarget section */

/* Begin PBXProject section */
		61A3A6A72E186EF900BFA93D /* Project object */ = {
			isa = PBXProject;
			attributes = {
				BuildIndependentTargetsInParallel = 1;
				LastSwiftUpdateCheck = 1620;
				LastUpgradeCheck = 1620;
				TargetAttributes = {
					61A3A6AE2E186EF900BFA93D = {
						CreatedOnToolsVersion = 16.2;
					};
					61A3A6BE2E186EFA00BFA93D = {
						CreatedOnToolsVersion = 16.2;
						TestTargetID = 61A3A6AE2E186EF900BFA93D;
					};
					61A3A6C82E186EFA00BFA93D = {
						CreatedOnToolsVersion = 16.2;
						TestTargetID = 61A3A6AE2E186EF900BFA93D;
					};
				};
			};
			buildConfigurationList = 61A3A6AA2E186EF900BFA93D /* Build configuration list for PBXProject "Run Time" */;
			developmentRegion = en;
			hasScannedForEncodings = 0;
			knownRegions = (
				en,
				Base,
			);
			mainGroup = 61A3A6A62E186EF900BFA93D;
			minimizedProjectReferenceProxies = 1;
			preferredProjectObjectVersion = 77;
			productRefGroup = 61A3A6B02E186EF900BFA93D /* Products */;
			projectDirPath = "";
			projectRoot = "";
			targets = (
				61A3A6AE2E186EF900BFA93D /* Run Time */,
				61A3A6BE2E186EFA00BFA93D /* Run TimeTests */,
				61A3A6C82E186EFA00BFA93D /* Run TimeUITests */,
			);
		};
/* End PBXProject section */

/* Begin PBXResourcesBuildPhase section */
		61A3A6AD2E186EF900BFA93D /* Resources */ = {
			isa = PBXResourcesBuildPhase;
			buildActionMask = 2147483647;
			files = (
			);
			runOnlyForDeploymentPostprocessing = 0;
		};
		61A3A6BD2E186EFA00BFA93D /* Resources */ = {
			isa = PBXResourcesBuildPhase;
			buildActionMask = 2147483647;
			files = (
			);
			runOnlyForDeploymentPostprocessing = 0;
		};
		61A3A6C72E186EFA00BFA93D /* Resources */ = {
			isa = PBXResourcesBuildPhase;
			buildActionMask = 2147483647;
			files = (
			);
			runOnlyForDeploymentPostprocessing = 0;
		};
/* End PBXResourcesBuildPhase section */

/* Begin PBXSourcesBuildPhase section */
		61A3A6AB2E186EF900BFA93D /* Sources */ = {
			isa = PBXSourcesBuildPhase;
			buildActionMask = 2147483647;
			files = (
			);
			runOnlyForDeploymentPostprocessing = 0;
		};
		61A3A6BB2E186EFA00BFA93D /* Sources */ = {
			isa = PBXSourcesBuildPhase;
			buildActionMask = 2147483647;
			files = (
			);
			runOnlyForDeploymentPostprocessing = 0;
		};
		61A3A6C52E186EFA00BFA93D /* Sources */ = {
			isa = PBXSourcesBuildPhase;
			buildActionMask = 2147483647;
			files = (
			);
			runOnlyForDeploymentPostprocessing = 0;
		};
/* End PBXSourcesBuildPhase section */

/* Begin PBXTargetDependency section */
		61A3A6C12E186EFA00BFA93D /* PBXTargetDependency */ = {
			isa = PBXTargetDependency;
			target = 61A3A6AE2E186EF900BFA93D /* Run Time */;
			targetProxy = 61A3A6C02E186EFA00BFA93D /* PBXContainerItemProxy */;
		};
		61A3A6CB2E186EFA00BFA93D /* PBXTargetDependency */ = {
			isa = PBXTargetDependency;
			target = 61A3A6AE2E186EF900BFA93D /* Run Time */;
			targetProxy = 61A3A6CA2E186EFA00BFA93D /* PBXContainerItemProxy */;
		};
/* End PBXTargetDependency section */

/* Begin XCBuildConfiguration section */
		61A3A6D12E186EFA00BFA93D /* Debug */ = {
			isa = XCBuildConfiguration;
			buildSettings = {
				ALWAYS_SEARCH_USER_PATHS = NO;
				ASSETCATALOG_COMPILER_GENERATE_SWIFT_ASSET_SYMBOL_EXTENSIONS = YES;
				CLANG_ANALYZER_NONNULL = YES;
				CLANG_ANALYZER_NUMBER_OBJECT_CONVERSION = YES_AGGRESSIVE;
				CLANG_CXX_LANGUAGE_STANDARD = "gnu++20";
				CLANG_ENABLE_MODULES = YES;
				CLANG_ENABLE_OBJC_ARC = YES;
				CLANG_ENABLE_OBJC_WEAK = YES;
				CLANG_WARN_BLOCK_CAPTURE_AUTORELEASING = YES;
				CLANG_WARN_BOOL_CONVERSION = YES;
				CLANG_WARN_COMMA = YES;
				CLANG_WARN_CONSTANT_CONVERSION = YES;
				CLANG_WARN_DEPRECATED_OBJC_IMPLEMENTATIONS = YES;
				CLANG_WARN_DIRECT_OBJC_ISA_USAGE = YES_ERROR;
				CLANG_WARN_DOCUMENTATION_COMMENTS = YES;
				CLANG_WARN_EMPTY_BODY = YES;
				CLANG_WARN_ENUM_CONVERSION = YES;
				CLANG_WARN_INFINITE_RECURSION = YES;
				CLANG_WARN_INT_CONVERSION = YES;
				CLANG_WARN_NON_LITERAL_NULL_CONVERSION = YES;
				CLANG_WARN_OBJC_IMPLICIT_RETAIN_SELF = YES;
				CLANG_WARN_OBJC_LITERAL_CONVERSION = YES;
				CLANG_WARN_OBJC_ROOT_CLASS = YES_ERROR;
				CLANG_WARN_QUOTED_INCLUDE_IN_FRAMEWORK_HEADER = YES;
				CLANG_WARN_RANGE_LOOP_ANALYSIS = YES;
				CLANG_WARN_STRICT_PROTOTYPES = YES;
				CLANG_WARN_SUSPICIOUS_MOVE = YES;
				CLANG_WARN_UNGUARDED_AVAILABILITY = YES_AGGRESSIVE;
				CLANG_WARN_UNREACHABLE_CODE = YES;
				CLANG_WARN__DUPLICATE_METHOD_MATCH = YES;
				COPY_PHASE_STRIP = NO;
				DEBUG_INFORMATION_FORMAT = dwarf;
				ENABLE_STRICT_OBJC_MSGSEND = YES;
				ENABLE_TESTABILITY = YES;
				ENABLE_USER_SCRIPT_SANDBOXING = YES;
				GCC_C_LANGUAGE_STANDARD = gnu17;
				GCC_DYNAMIC_NO_PIC = NO;
				GCC_NO_COMMON_BLOCKS = YES;
				GCC_OPTIMIZATION_LEVEL = 0;
				GCC_PREPROCESSOR_DEFINITIONS = (
					"DEBUG=1",
					"$(inherited)",
				);
				GCC_WARN_64_TO_32_BIT_CONVERSION = YES;
				GCC_WARN_ABOUT_RETURN_TYPE = YES_ERROR;
				GCC_WARN_UNDECLARED_SELECTOR = YES;
				GCC_WARN_UNINITIALIZED_AUTOS = YES_AGGRESSIVE;
				GCC_WARN_UNUSED_FUNCTION = YES;
				GCC_WARN_UNUSED_VARIABLE = YES;
				IPHONEOS_DEPLOYMENT_TARGET = 18.2;
				LOCALIZATION_PREFERS_STRING_CATALOGS = YES;
				MTL_ENABLE_DEBUG_INFO = INCLUDE_SOURCE;
				MTL_FAST_MATH = YES;
				ONLY_ACTIVE_ARCH = YES;
				SDKROOT = iphoneos;
				SWIFT_ACTIVE_COMPILATION_CONDITIONS = "DEBUG $(inherited)";
				SWIFT_OPTIMIZATION_LEVEL = "-Onone";
			};
			name = Debug;
		};
		61A3A6D22E186EFA00BFA93D /* Release */ = {
			isa = XCBuildConfiguration;
			buildSettings = {
				ALWAYS_SEARCH_USER_PATHS = NO;
				ASSETCATALOG_COMPILER_GENERATE_SWIFT_ASSET_SYMBOL_EXTENSIONS = YES;
				CLANG_ANALYZER_NONNULL = YES;
				CLANG_ANALYZER_NUMBER_OBJECT_CONVERSION = YES_AGGRESSIVE;
				CLANG_CXX_LANGUAGE_STANDARD = "gnu++20";
				CLANG_ENABLE_MODULES = YES;
				CLANG_ENABLE_OBJC_ARC = YES;
				CLANG_ENABLE_OBJC_WEAK = YES;
				CLANG_WARN_BLOCK_CAPTURE_AUTORELEASING = YES;
				CLANG_WARN_BOOL_CONVERSION = YES;
				CLANG_WARN_COMMA = YES;
				CLANG_WARN_CONSTANT_CONVERSION = YES;
				CLANG_WARN_DEPRECATED_OBJC_IMPLEMENTATIONS = YES;
				CLANG_WARN_DIRECT_OBJC_ISA_USAGE = YES_ERROR;
				CLANG_WARN_DOCUMENTATION_COMMENTS = YES;
				CLANG_WARN_EMPTY_BODY = YES;
				CLANG_WARN_ENUM_CONVERSION = YES;
				CLANG_WARN_INFINITE_RECURSION = YES;
				CLANG_WARN_INT_CONVERSION = YES;
				CLANG_WARN_NON_LITERAL_NULL_CONVERSION = YES;
				CLANG_WARN_OBJC_IMPLICIT_RETAIN_SELF = YES;
				CLANG_WARN_OBJC_LITERAL_CONVERSION = YES;
				CLANG_WARN_OBJC_ROOT_CLASS = YES_ERROR;
				CLANG_WARN_QUOTED_INCLUDE_IN_FRAMEWORK_HEADER = YES;
				CLANG_WARN_RANGE_LOOP_ANALYSIS = YES;
				CLANG_WARN_STRICT_PROTOTYPES = YES;
				CLANG_WARN_SUSPICIOUS_MOVE = YES;
				CLANG_WARN_UNGUARDED_AVAILABILITY = YES_AGGRESSIVE;
				CLANG_WARN_UNREACHABLE_CODE = YES;
				CLANG_WARN__DUPLICATE_METHOD_MATCH = YES;
				COPY_PHASE_STRIP = NO;
				DEBUG_INFORMATION_FORMAT = "dwarf-with-dsym";
				ENABLE_NS_ASSERTIONS = NO;
				ENABLE_STRICT_OBJC_MSGSEND = YES;
				ENABLE_USER_SCRIPT_SANDBOXING = YES;
				GCC_C_LANGUAGE_STANDARD = gnu17;
				GCC_NO_COMMON_BLOCKS = YES;
				GCC_WARN_64_TO_32_BIT_CONVERSION = YES;
				GCC_WARN_ABOUT_RETURN_TYPE = YES_ERROR;
				GCC_WARN_UNDECLARED_SELECTOR = YES;
				GCC_WARN_UNINITIALIZED_AUTOS = YES_AGGRESSIVE;
				GCC_WARN_UNUSED_FUNCTION = YES;
				GCC_WARN_UNUSED_VARIABLE = YES;
				IPHONEOS_DEPLOYMENT_TARGET = 18.2;
				LOCALIZATION_PREFERS_STRING_CATALOGS = YES;
				MTL_ENABLE_DEBUG_INFO = NO;
				MTL_FAST_MATH = YES;
				SDKROOT = iphoneos;
				SWIFT_COMPILATION_MODE = wholemodule;
				VALIDATE_PRODUCT = YES;
			};
			name = Release;
		};
		61A3A6D42E186EFA00BFA93D /* Debug */ = {
			isa = XCBuildConfiguration;
			buildSettings = {
				ASSETCATALOG_COMPILER_APPICON_NAME = AppIcon;
				ASSETCATALOG_COMPILER_GLOBAL_ACCENT_COLOR_NAME = AccentColor;
				CODE_SIGN_STYLE = Automatic;
				CURRENT_PROJECT_VERSION = 1;
				DEVELOPMENT_ASSET_PATHS = "\"Run Time/Preview Content\"";
				DEVELOPMENT_TEAM = 35NJ9Y3672;
				ENABLE_PREVIEWS = YES;
				GENERATE_INFOPLIST_FILE = YES;
				INFOPLIST_KEY_UIApplicationSceneManifest_Generation = YES;
				INFOPLIST_KEY_UIApplicationSupportsIndirectInputEvents = YES;
				INFOPLIST_KEY_UILaunchScreen_Generation = YES;
				INFOPLIST_KEY_UISupportedInterfaceOrientations_iPad = "UIInterfaceOrientationPortrait UIInterfaceOrientationPortraitUpsideDown UIInterfaceOrientationLandscapeLeft UIInterfaceOrientationLandscapeRight";
				INFOPLIST_KEY_UISupportedInterfaceOrientations_iPhone = "UIInterfaceOrientationPortrait UIInterfaceOrientationLandscapeLeft UIInterfaceOrientationLandscapeRight";
				LD_RUNPATH_SEARCH_PATHS = (
					"$(inherited)",
					"@executable_path/Frameworks",
				);
				MARKETING_VERSION = 1.0;
				PRODUCT_BUNDLE_IDENTIFIER = "justCode.Run-Time";
				PRODUCT_NAME = "$(TARGET_NAME)";
				SWIFT_EMIT_LOC_STRINGS = YES;
				SWIFT_VERSION = 5.0;
				TARGETED_DEVICE_FAMILY = "1,2";
			};
			name = Debug;
		};
		61A3A6D52E186EFA00BFA93D /* Release */ = {
			isa = XCBuildConfiguration;
			buildSettings = {
				ASSETCATALOG_COMPILER_APPICON_NAME = AppIcon;
				ASSETCATALOG_COMPILER_GLOBAL_ACCENT_COLOR_NAME = AccentColor;
				CODE_SIGN_STYLE = Automatic;
				CURRENT_PROJECT_VERSION = 1;
				DEVELOPMENT_ASSET_PATHS = "\"Run Time/Preview Content\"";
				DEVELOPMENT_TEAM = 35NJ9Y3672;
				ENABLE_PREVIEWS = YES;
				GENERATE_INFOPLIST_FILE = YES;
				INFOPLIST_KEY_UIApplicationSceneManifest_Generation = YES;
				INFOPLIST_KEY_UIApplicationSupportsIndirectInputEvents = YES;
				INFOPLIST_KEY_UILaunchScreen_Generation = YES;
				INFOPLIST_KEY_UISupportedInterfaceOrientations_iPad = "UIInterfaceOrientationPortrait UIInterfaceOrientationPortraitUpsideDown UIInterfaceOrientationLandscapeLeft UIInterfaceOrientationLandscapeRight";
				INFOPLIST_KEY_UISupportedInterfaceOrientations_iPhone = "UIInterfaceOrientationPortrait UIInterfaceOrientationLandscapeLeft UIInterfaceOrientationLandscapeRight";
				LD_RUNPATH_SEARCH_PATHS = (
					"$(inherited)",
					"@executable_path/Frameworks",
				);
				MARKETING_VERSION = 1.0;
				PRODUCT_BUNDLE_IDENTIFIER = "justCode.Run-Time";
				PRODUCT_NAME = "$(TARGET_NAME)";
				SWIFT_EMIT_LOC_STRINGS = YES;
				SWIFT_VERSION = 5.0;
				TARGETED_DEVICE_FAMILY = "1,2";
			};
			name = Release;
		};
		61A3A6D72E186EFA00BFA93D /* Debug */ = {
			isa = XCBuildConfiguration;
			buildSettings = {
				BUNDLE_LOADER = "$(TEST_HOST)";
				CODE_SIGN_STYLE = Automatic;
				CURRENT_PROJECT_VERSION = 1;
				DEVELOPMENT_TEAM = 35NJ9Y3672;
				GENERATE_INFOPLIST_FILE = YES;
				IPHONEOS_DEPLOYMENT_TARGET = 18.2;
				MARKETING_VERSION = 1.0;
				PRODUCT_BUNDLE_IDENTIFIER = "justCode.Run-TimeTests";
				PRODUCT_NAME = "$(TARGET_NAME)";
				SWIFT_EMIT_LOC_STRINGS = NO;
				SWIFT_VERSION = 5.0;
				TARGETED_DEVICE_FAMILY = "1,2";
				TEST_HOST = "$(BUILT_PRODUCTS_DIR)/Run Time.app/$(BUNDLE_EXECUTABLE_FOLDER_PATH)/Run Time";
			};
			name = Debug;
		};
		61A3A6D82E186EFA00BFA93D /* Release */ = {
			isa = XCBuildConfiguration;
			buildSettings = {
				BUNDLE_LOADER = "$(TEST_HOST)";
				CODE_SIGN_STYLE = Automatic;
				CURRENT_PROJECT_VERSION = 1;
				DEVELOPMENT_TEAM = 35NJ9Y3672;
				GENERATE_INFOPLIST_FILE = YES;
				IPHONEOS_DEPLOYMENT_TARGET = 18.2;
				MARKETING_VERSION = 1.0;
				PRODUCT_BUNDLE_IDENTIFIER = "justCode.Run-TimeTests";
				PRODUCT_NAME = "$(TARGET_NAME)";
				SWIFT_EMIT_LOC_STRINGS = NO;
				SWIFT_VERSION = 5.0;
				TARGETED_DEVICE_FAMILY = "1,2";
				TEST_HOST = "$(BUILT_PRODUCTS_DIR)/Run Time.app/$(BUNDLE_EXECUTABLE_FOLDER_PATH)/Run Time";
			};
			name = Release;
		};
		61A3A6DA2E186EFA00BFA93D /* Debug */ = {
			isa = XCBuildConfiguration;
			buildSettings = {
				CODE_SIGN_STYLE = Automatic;
				CURRENT_PROJECT_VERSION = 1;
				DEVELOPMENT_TEAM = 35NJ9Y3672;
				GENERATE_INFOPLIST_FILE = YES;
				MARKETING_VERSION = 1.0;
				PRODUCT_BUNDLE_IDENTIFIER = "justCode.Run-TimeUITests";
				PRODUCT_NAME = "$(TARGET_NAME)";
				SWIFT_EMIT_LOC_STRINGS = NO;
				SWIFT_VERSION = 5.0;
				TARGETED_DEVICE_FAMILY = "1,2";
				TEST_TARGET_NAME = "Run Time";
			};
			name = Debug;
		};
		61A3A6DB2E186EFA00BFA93D /* Release */ = {
			isa = XCBuildConfiguration;
			buildSettings = {
				CODE_SIGN_STYLE = Automatic;
				CURRENT_PROJECT_VERSION = 1;
				DEVELOPMENT_TEAM = 35NJ9Y3672;
				GENERATE_INFOPLIST_FILE = YES;
				MARKETING_VERSION = 1.0;
				PRODUCT_BUNDLE_IDENTIFIER = "justCode.Run-TimeUITests";
				PRODUCT_NAME = "$(TARGET_NAME)";
				SWIFT_EMIT_LOC_STRINGS = NO;
				SWIFT_VERSION = 5.0;
				TARGETED_DEVICE_FAMILY = "1,2";
				TEST_TARGET_NAME = "Run Time";
			};
			name = Release;
		};
/* End XCBuildConfiguration section */

/* Begin XCConfigurationList section */
		61A3A6AA2E186EF900BFA93D /* Build configuration list for PBXProject "Run Time" */ = {
			isa = XCConfigurationList;
			buildConfigurations = (
				61A3A6D12E186EFA00BFA93D /* Debug */,
				61A3A6D22E186EFA00BFA93D /* Release */,
			);
			defaultConfigurationIsVisible = 0;
			defaultConfigurationName = Release;
		};
		61A3A6D32E186EFA00BFA93D /* Build configuration list for PBXNativeTarget "Run Time" */ = {
			isa = XCConfigurationList;
			buildConfigurations = (
				61A3A6D42E186EFA00BFA93D /* Debug */,
				61A3A6D52E186EFA00BFA93D /* Release */,
			);
			defaultConfigurationIsVisible = 0;
			defaultConfigurationName = Release;
		};
		61A3A6D62E186EFA00BFA93D /* Build configuration list for PBXNativeTarget "Run TimeTests" */ = {
			isa = XCConfigurationList;
			buildConfigurations = (
				61A3A6D72E186EFA00BFA93D /* Debug */,
				61A3A6D82E186EFA00BFA93D /* Release */,
			);
			defaultConfigurationIsVisible = 0;
			defaultConfigurationName = Release;
		};
		61A3A6D92E186EFA00BFA93D /* Build configuration list for PBXNativeTarget "Run TimeUITests" */ = {
			isa = XCConfigurationList;
			buildConfigurations = (
				61A3A6DA2E186EFA00BFA93D /* Debug */,
				61A3A6DB2E186EFA00BFA93D /* Release */,
			);
			defaultConfigurationIsVisible = 0;
			defaultConfigurationName = Release;
		};
/* End XCConfigurationList section */
	};
	rootObject = 61A3A6A72E186EF900BFA93D /* Project object */;
}
